
Microsoft Visual Studio Solution File, Format Version 12.00
# Visual Studio Version 17
VisualStudioVersion = 17.14.37012.4 d17.14
MinimumVisualStudioVersion = 10.0.40219.1
Project("{FAE04EC0-301F-11D3-BF4B-00C04F79EFBC}") = "ShadysideSiteProject", "ShadysideSiteProject\ShadysideSiteProject.csproj", "{BC516E17-7FF2-4B19-8019-65B7AD66A883}"
EndProject
Global
	GlobalSection(SolutionConfigurationPlatforms) = preSolution
		Debug|Any CPU = Debug|Any CPU
		Release|Any CPU = Release|Any CPU
	EndGlobalSection
	GlobalSection(ProjectConfigurationPlatforms) = postSolution
		{BC516E17-7FF2-4B19-8019-65B7AD66A883}.Debug|Any CPU.ActiveCfg = Debug|Any CPU
		{BC516E17-7FF2-4B19-8019-65B7AD66A883}.Debug|Any CPU.Build.0 = Debug|Any CPU
		{BC516E17-7FF2-4B19-8019-65B7AD66A883}.Release|Any CPU.ActiveCfg = Release|Any CPU
		{BC516E17-7FF2-4B19-8019-65B7AD66A883}.Release|Any CPU.Build.0 = Release|Any CPU
	EndGlobalSection
	GlobalSection(SolutionProperties) = preSolution
		HideSolutionNode = FALSE
	EndGlobalSection
	GlobalSection(ExtensibilityGlobals) = postSolution
		SolutionGuid = {6C2F9AC1-E24D-4AF4-8C3C-C3D51522DDFD}
	EndGlobalSection
EndGlobal
